
Microsoft Visual Studio Solution File, Format Version 12.00
# Visual Studio Version 17
VisualStudioVersion = 17.7.34031.279
MinimumVisualStudioVersion = 10.0.40219.1
Project("{FAE04EC0-301F-11D3-BF4B-00C04F79EFBC}") = "TPWeb_equipo-28", "TPWeb_equipo-28\TPWeb_equipo-28.csproj", "{F9478670-2538-49A3-BE23-1EEACE1D296E}"
EndProject
Global
	GlobalSection(SolutionConfigurationPlatforms) = preSolution
		Debug|Any CPU = Debug|Any CPU
		Release|Any CPU = Release|Any CPU
	EndGlobalSection
	GlobalSection(ProjectConfigurationPlatforms) = postSolution
		{F9478670-2538-49A3-BE23-1EEACE1D296E}.Debug|Any CPU.ActiveCfg = Debug|Any CPU
		{F9478670-2538-49A3-BE23-1EEACE1D296E}.Debug|Any CPU.Build.0 = Debug|Any CPU
		{F9478670-2538-49A3-BE23-1EEACE1D296E}.Release|Any CPU.ActiveCfg = Release|Any CPU
		{F9478670-2538-49A3-BE23-1EEACE1D296E}.Release|Any CPU.Build.0 = Release|Any CPU
	EndGlobalSection
	GlobalSection(SolutionProperties) = preSolution
		HideSolutionNode = FALSE
	EndGlobalSection
	GlobalSection(ExtensibilityGlobals) = postSolution
		SolutionGuid = {C6032418-FF22-4247-9C3F-C1E6AE75E344}
	EndGlobalSection
EndGlobal
